
Microsoft Visual Studio Solution File, Format Version 12.00
# Visual Studio Version 17
VisualStudioVersion = 17.14.36109.1
MinimumVisualStudioVersion = 10.0.40219.1
Project("{FAE04EC0-301F-11D3-BF4B-00C04F79EFBC}") = "BlazorWebApp2", "BlazorWebApp2\BlazorWebApp2\BlazorWebApp2.csproj", "{7F42D074-BE16-4959-91D5-853C08A44C43}"
EndProject
Project("{FAE04EC0-301F-11D3-BF4B-00C04F79EFBC}") = "BlazorWebApp2.Client", "BlazorWebApp2\BlazorWebApp2.Client\BlazorWebApp2.Client.csproj", "{A3885022-3ED6-4024-B10E-19FFBDDA719B}"
EndProject
Project("{FAE04EC0-301F-11D3-BF4B-00C04F79EFBC}") = "Demo_INotifyPropertyChanged", "Demo_INotifyPropertyChanged\Demo_INotifyPropertyChanged.csproj", "{9EA9C549-C8BF-4C0B-974C-9D3B7CE067C4}"
EndProject
Project("{FAE04EC0-301F-11D3-BF4B-00C04F79EFBC}") = "Demo_INotifyCollectionChanged", "Demo_INotifyCollectionChanged\Demo_INotifyCollectionChanged.csproj", "{F93E2827-89BA-DBF3-3FE0-7CF29C317BB0}"
EndProject
Project("{FAE04EC0-301F-11D3-BF4B-00C04F79EFBC}") = "Demo_Action", "Demo_Action\Demo_Action.csproj", "{48431216-65F5-A834-C446-57732075105D}"
EndProject
Project("{FAE04EC0-301F-11D3-BF4B-00C04F79EFBC}") = "Demo_Func", "Demo_Func\Demo_Func.csproj", "{22CB954E-977E-FA40-663E-8EE53C0E5FD6}"
EndProject
Project("{FAE04EC0-301F-11D3-BF4B-00C04F79EFBC}") = "Demo_DI", "Demo_DI\Demo_DI.csproj", "{15D79E79-D7D0-73A7-9AC0-4E50E34E84E9}"
EndProject
Project("{FAE04EC0-301F-11D3-BF4B-00C04F79EFBC}") = "Demo_DI_Services", "Demo_DI_Services\Demo_DI_Services.csproj", "{2FBDFF7F-B1B8-2E11-85DC-6E4DFBFE2A80}"
EndProject
Project("{FAE04EC0-301F-11D3-BF4B-00C04F79EFBC}") = "Demo_IoC", "Demo_IoC\Demo_IoC.csproj", "{23BE5B76-9564-C4B1-5173-D188D7AE9BE0}"
EndProject
Project("{FAE04EC0-301F-11D3-BF4B-00C04F79EFBC}") = "Demo_AspNetMiddleware01", "Demo_AspNetMiddleware01\Demo_AspNetMiddleware01.csproj", "{B2DB1C83-031E-0832-8DD0-2029B8036B8E}"
EndProject
Project("{FAE04EC0-301F-11D3-BF4B-00C04F79EFBC}") = "Demo_AspNetMiddleware02", "Demo_AspNetMiddleware02\Demo_AspNetMiddleware02.csproj", "{A6A694E0-823F-02F7-9914-E3373F69A913}"
EndProject
Project("{FAE04EC0-301F-11D3-BF4B-00C04F79EFBC}") = "DemoClassLibWithComments", "DemoClassLibWithComments\DemoClassLibWithComments.csproj", "{F49C3BAF-BCB2-4CB8-AD71-617AAD29ECF9}"
EndProject
Project("{FAE04EC0-301F-11D3-BF4B-00C04F79EFBC}") = "BlazorWebApp3", "BlazorWebApp3\BlazorWebApp3\BlazorWebApp3.csproj", "{F6A9DC01-1E3E-4F73-B9F0-BFD9FFFE577E}"
EndProject
Project("{FAE04EC0-301F-11D3-BF4B-00C04F79EFBC}") = "BlazorWebApp3.Client", "BlazorWebApp3\BlazorWebApp3.Client\BlazorWebApp3.Client.csproj", "{EDD4EC4E-97D0-4EC3-98F2-6DE860D20CCB}"
EndProject
Project("{FAE04EC0-301F-11D3-BF4B-00C04F79EFBC}") = "BlazorWebApp2.Shared", "BlazorWebApp2.Shared\BlazorWebApp2.Shared.csproj", "{E8536613-A5BC-4D76-97C9-BD03D5F21C43}"
EndProject
Project("{FAE04EC0-301F-11D3-BF4B-00C04F79EFBC}") = "Demo_Destructor_FW", "Demo_Destructor_FW\Demo_Destructor_FW.csproj", "{3261BC0B-3D84-4A00-9F60-E865D4745369}"
EndProject
Project("{FAE04EC0-301F-11D3-BF4B-00C04F79EFBC}") = "Demo_LINQ", "Demo_LINQ\Demo_LINQ.csproj", "{CFF083DC-5651-4981-81DE-39BF5EB82BBD}"
EndProject
Global
	GlobalSection(SolutionConfigurationPlatforms) = preSolution
		Debug|Any CPU = Debug|Any CPU
		Release|Any CPU = Release|Any CPU
	EndGlobalSection
	GlobalSection(ProjectConfigurationPlatforms) = postSolution
		{7F42D074-BE16-4959-91D5-853C08A44C43}.Debug|Any CPU.ActiveCfg = Debug|Any CPU
		{7F42D074-BE16-4959-91D5-853C08A44C43}.Debug|Any CPU.Build.0 = Debug|Any CPU
		{7F42D074-BE16-4959-91D5-853C08A44C43}.Release|Any CPU.ActiveCfg = Release|Any CPU
		{7F42D074-BE16-4959-91D5-853C08A44C43}.Release|Any CPU.Build.0 = Release|Any CPU
		{A3885022-3ED6-4024-B10E-19FFBDDA719B}.Debug|Any CPU.ActiveCfg = Debug|Any CPU
		{A3885022-3ED6-4024-B10E-19FFBDDA719B}.Debug|Any CPU.Build.0 = Debug|Any CPU
		{A3885022-3ED6-4024-B10E-19FFBDDA719B}.Release|Any CPU.ActiveCfg = Release|Any CPU
		{A3885022-3ED6-4024-B10E-19FFBDDA719B}.Release|Any CPU.Build.0 = Release|Any CPU
		{9EA9C549-C8BF-4C0B-974C-9D3B7CE067C4}.Debug|Any CPU.ActiveCfg = Debug|Any CPU
		{9EA9C549-C8BF-4C0B-974C-9D3B7CE067C4}.Debug|Any CPU.Build.0 = Debug|Any CPU
		{9EA9C549-C8BF-4C0B-974C-9D3B7CE067C4}.Release|Any CPU.ActiveCfg = Release|Any CPU
		{9EA9C549-C8BF-4C0B-974C-9D3B7CE067C4}.Release|Any CPU.Build.0 = Release|Any CPU
		{F93E2827-89BA-DBF3-3FE0-7CF29C317BB0}.Debug|Any CPU.ActiveCfg = Debug|Any CPU
		{F93E2827-89BA-DBF3-3FE0-7CF29C317BB0}.Debug|Any CPU.Build.0 = Debug|Any CPU
		{F93E2827-89BA-DBF3-3FE0-7CF29C317BB0}.Release|Any CPU.ActiveCfg = Release|Any CPU
		{F93E2827-89BA-DBF3-3FE0-7CF29C317BB0}.Release|Any CPU.Build.0 = Release|Any CPU
		{48431216-65F5-A834-C446-57732075105D}.Debug|Any CPU.ActiveCfg = Debug|Any CPU
		{48431216-65F5-A834-C446-57732075105D}.Debug|Any CPU.Build.0 = Debug|Any CPU
		{48431216-65F5-A834-C446-57732075105D}.Release|Any CPU.ActiveCfg = Release|Any CPU
		{48431216-65F5-A834-C446-57732075105D}.Release|Any CPU.Build.0 = Release|Any CPU
		{22CB954E-977E-FA40-663E-8EE53C0E5FD6}.Debug|Any CPU.ActiveCfg = Debug|Any CPU
		{22CB954E-977E-FA40-663E-8EE53C0E5FD6}.Debug|Any CPU.Build.0 = Debug|Any CPU
		{22CB954E-977E-FA40-663E-8EE53C0E5FD6}.Release|Any CPU.ActiveCfg = Release|Any CPU
		{22CB954E-977E-FA40-663E-8EE53C0E5FD6}.Release|Any CPU.Build.0 = Release|Any CPU
		{15D79E79-D7D0-73A7-9AC0-4E50E34E84E9}.Debug|Any CPU.ActiveCfg = Debug|Any CPU
		{15D79E79-D7D0-73A7-9AC0-4E50E34E84E9}.Debug|Any CPU.Build.0 = Debug|Any CPU
		{15D79E79-D7D0-73A7-9AC0-4E50E34E84E9}.Release|Any CPU.ActiveCfg = Release|Any CPU
		{15D79E79-D7D0-73A7-9AC0-4E50E34E84E9}.Release|Any CPU.Build.0 = Release|Any CPU
		{2FBDFF7F-B1B8-2E11-85DC-6E4DFBFE2A80}.Debug|Any CPU.ActiveCfg = Debug|Any CPU
		{2FBDFF7F-B1B8-2E11-85DC-6E4DFBFE2A80}.Debug|Any CPU.Build.0 = Debug|Any CPU
		{2FBDFF7F-B1B8-2E11-85DC-6E4DFBFE2A80}.Release|Any CPU.ActiveCfg = Release|Any CPU
		{2FBDFF7F-B1B8-2E11-85DC-6E4DFBFE2A80}.Release|Any CPU.Build.0 = Release|Any CPU
		{23BE5B76-9564-C4B1-5173-D188D7AE9BE0}.Debug|Any CPU.ActiveCfg = Debug|Any CPU
		{23BE5B76-9564-C4B1-5173-D188D7AE9BE0}.Debug|Any CPU.Build.0 = Debug|Any CPU
		{23BE5B76-9564-C4B1-5173-D188D7AE9BE0}.Release|Any CPU.ActiveCfg = Release|Any CPU
		{23BE5B76-9564-C4B1-5173-D188D7AE9BE0}.Release|Any CPU.Build.0 = Release|Any CPU
		{B2DB1C83-031E-0832-8DD0-2029B8036B8E}.Debug|Any CPU.ActiveCfg = Debug|Any CPU
		{B2DB1C83-031E-0832-8DD0-2029B8036B8E}.Debug|Any CPU.Build.0 = Debug|Any CPU
		{B2DB1C83-031E-0832-8DD0-2029B8036B8E}.Release|Any CPU.ActiveCfg = Release|Any CPU
		{B2DB1C83-031E-0832-8DD0-2029B8036B8E}.Release|Any CPU.Build.0 = Release|Any CPU
		{A6A694E0-823F-02F7-9914-E3373F69A913}.Debug|Any CPU.ActiveCfg = Debug|Any CPU
		{A6A694E0-823F-02F7-9914-E3373F69A913}.Debug|Any CPU.Build.0 = Debug|Any CPU
		{A6A694E0-823F-02F7-9914-E3373F69A913}.Release|Any CPU.ActiveCfg = Release|Any CPU
		{A6A694E0-823F-02F7-9914-E3373F69A913}.Release|Any CPU.Build.0 = Release|Any CPU
		{F49C3BAF-BCB2-4CB8-AD71-617AAD29ECF9}.Debug|Any CPU.ActiveCfg = Debug|Any CPU
		{F49C3BAF-BCB2-4CB8-AD71-617AAD29ECF9}.Debug|Any CPU.Build.0 = Debug|Any CPU
		{F49C3BAF-BCB2-4CB8-AD71-617AAD29ECF9}.Release|Any CPU.ActiveCfg = Release|Any CPU
		{F49C3BAF-BCB2-4CB8-AD71-617AAD29ECF9}.Release|Any CPU.Build.0 = Release|Any CPU
		{F6A9DC01-1E3E-4F73-B9F0-BFD9FFFE577E}.Debug|Any CPU.ActiveCfg = Debug|Any CPU
		{F6A9DC01-1E3E-4F73-B9F0-BFD9FFFE577E}.Debug|Any CPU.Build.0 = Debug|Any CPU
		{F6A9DC01-1E3E-4F73-B9F0-BFD9FFFE577E}.Release|Any CPU.ActiveCfg = Release|Any CPU
		{F6A9DC01-1E3E-4F73-B9F0-BFD9FFFE577E}.Release|Any CPU.Build.0 = Release|Any CPU
		{EDD4EC4E-97D0-4EC3-98F2-6DE860D20CCB}.Debug|Any CPU.ActiveCfg = Debug|Any CPU
		{EDD4EC4E-97D0-4EC3-98F2-6DE860D20CCB}.Debug|Any CPU.Build.0 = Debug|Any CPU
		{EDD4EC4E-97D0-4EC3-98F2-6DE860D20CCB}.Release|Any CPU.ActiveCfg = Release|Any CPU
		{EDD4EC4E-97D0-4EC3-98F2-6DE860D20CCB}.Release|Any CPU.Build.0 = Release|Any CPU
		{E8536613-A5BC-4D76-97C9-BD03D5F21C43}.Debug|Any CPU.ActiveCfg = Debug|Any CPU
		{E8536613-A5BC-4D76-97C9-BD03D5F21C43}.Debug|Any CPU.Build.0 = Debug|Any CPU
		{E8536613-A5BC-4D76-97C9-BD03D5F21C43}.Release|Any CPU.ActiveCfg = Release|Any CPU
		{E8536613-A5BC-4D76-97C9-BD03D5F21C43}.Release|Any CPU.Build.0 = Release|Any CPU
		{3261BC0B-3D84-4A00-9F60-E865D4745369}.Debug|Any CPU.ActiveCfg = Debug|Any CPU
		{3261BC0B-3D84-4A00-9F60-E865D4745369}.Debug|Any CPU.Build.0 = Debug|Any CPU
		{3261BC0B-3D84-4A00-9F60-E865D4745369}.Release|Any CPU.ActiveCfg = Release|Any CPU
		{3261BC0B-3D84-4A00-9F60-E865D4745369}.Release|Any CPU.Build.0 = Release|Any CPU
		{CFF083DC-5651-4981-81DE-39BF5EB82BBD}.Debug|Any CPU.ActiveCfg = Debug|Any CPU
		{CFF083DC-5651-4981-81DE-39BF5EB82BBD}.Debug|Any CPU.Build.0 = Debug|Any CPU
		{CFF083DC-5651-4981-81DE-39BF5EB82BBD}.Release|Any CPU.ActiveCfg = Release|Any CPU
		{CFF083DC-5651-4981-81DE-39BF5EB82BBD}.Release|Any CPU.Build.0 = Release|Any CPU
	EndGlobalSection
	GlobalSection(SolutionProperties) = preSolution
		HideSolutionNode = FALSE
	EndGlobalSection
	GlobalSection(ExtensibilityGlobals) = postSolution
		SolutionGuid = {20E5991E-CFEA-497A-9331-AF8A643094FA}
	EndGlobalSection
EndGlobal
