
Microsoft Visual Studio Solution File, Format Version 12.00
# Visual Studio Version 17
VisualStudioVersion = 17.14.36109.1
MinimumVisualStudioVersion = 10.0.40219.1
Project("{FAE04EC0-301F-11D3-BF4B-00C04F79EFBC}") = "BlazorWebApp2", "BlazorWebApp2\BlazorWebApp2\BlazorWebApp2.csproj", "{7F42D074-BE16-4959-91D5-853C08A44C43}"
EndProject
Project("{FAE04EC0-301F-11D3-BF4B-00C04F79EFBC}") = "BlazorWebApp2.Client", "BlazorWebApp2\BlazorWebApp2.Client\BlazorWebApp2.Client.csproj", "{A3885022-3ED6-4024-B10E-19FFBDDA719B}"
EndProject
Project("{FAE04EC0-301F-11D3-BF4B-00C04F79EFBC}") = "Demo_INotifyPropertyChanged", "Demo_INotifyPropertyChanged\Demo_INotifyPropertyChanged.csproj", "{9EA9C549-C8BF-4C0B-974C-9D3B7CE067C4}"
EndProject
Project("{FAE04EC0-301F-11D3-BF4B-00C04F79EFBC}") = "Demo_INotifyCollectionChanged", "Demo_INotifyCollectionChanged\Demo_INotifyCollectionChanged.csproj", "{F93E2827-89BA-DBF3-3FE0-7CF29C317BB0}"
EndProject
Project("{FAE04EC0-301F-11D3-BF4B-00C04F79EFBC}") = "Demo_Action", "Demo_Action\Demo_Action.csproj", "{48431216-65F5-A834-C446-57732075105D}"
EndProject
Project("{FAE04EC0-301F-11D3-BF4B-00C04F79EFBC}") = "Demo_Func", "Demo_Func\Demo_Func.csproj", "{22CB954E-977E-FA40-663E-8EE53C0E5FD6}"
EndProject
Project("{FAE04EC0-301F-11D3-BF4B-00C04F79EFBC}") = "Demo_DI", "Demo_DI\Demo_DI.csproj", "{15D79E79-D7D0-73A7-9AC0-4E50E34E84E9}"
EndProject
Project("{FAE04EC0-301F-11D3-BF4B-00C04F79EFBC}") = "Demo_DI_Services", "Demo_DI_Services\Demo_DI_Services.csproj", "{2FBDFF7F-B1B8-2E11-85DC-6E4DFBFE2A80}"
EndProject
Project("{FAE04EC0-301F-11D3-BF4B-00C04F79EFBC}") = "Demo_IoC", "Demo_IoC\Demo_IoC.csproj", "{23BE5B76-9564-C4B1-5173-D188D7AE9BE0}"
EndProject
Global
	GlobalSection(SolutionConfigurationPlatforms) = preSolution
		Debug|Any CPU = Debug|Any CPU
		Release|Any CPU = Release|Any CPU
	EndGlobalSection
	GlobalSection(ProjectConfigurationPlatforms) = postSolution
		{7F42D074-BE16-4959-91D5-853C08A44C43}.Debug|Any CPU.ActiveCfg = Debug|Any CPU
		{7F42D074-BE16-4959-91D5-853C08A44C43}.Debug|Any CPU.Build.0 = Debug|Any CPU
		{7F42D074-BE16-4959-91D5-853C08A44C43}.Release|Any CPU.ActiveCfg = Release|Any CPU
		{7F42D074-BE16-4959-91D5-853C08A44C43}.Release|Any CPU.Build.0 = Release|Any CPU
		{A3885022-3ED6-4024-B10E-19FFBDDA719B}.Debug|Any CPU.ActiveCfg = Debug|Any CPU
		{A3885022-3ED6-4024-B10E-19FFBDDA719B}.Debug|Any CPU.Build.0 = Debug|Any CPU
		{A3885022-3ED6-4024-B10E-19FFBDDA719B}.Release|Any CPU.ActiveCfg = Release|Any CPU
		{A3885022-3ED6-4024-B10E-19FFBDDA719B}.Release|Any CPU.Build.0 = Release|Any CPU
		{9EA9C549-C8BF-4C0B-974C-9D3B7CE067C4}.Debug|Any CPU.ActiveCfg = Debug|Any CPU
		{9EA9C549-C8BF-4C0B-974C-9D3B7CE067C4}.Debug|Any CPU.Build.0 = Debug|Any CPU
		{9EA9C549-C8BF-4C0B-974C-9D3B7CE067C4}.Release|Any CPU.ActiveCfg = Release|Any CPU
		{9EA9C549-C8BF-4C0B-974C-9D3B7CE067C4}.Release|Any CPU.Build.0 = Release|Any CPU
		{F93E2827-89BA-DBF3-3FE0-7CF29C317BB0}.Debug|Any CPU.ActiveCfg = Debug|Any CPU
		{F93E2827-89BA-DBF3-3FE0-7CF29C317BB0}.Debug|Any CPU.Build.0 = Debug|Any CPU
		{F93E2827-89BA-DBF3-3FE0-7CF29C317BB0}.Release|Any CPU.ActiveCfg = Release|Any CPU
		{F93E2827-89BA-DBF3-3FE0-7CF29C317BB0}.Release|Any CPU.Build.0 = Release|Any CPU
		{48431216-65F5-A834-C446-57732075105D}.Debug|Any CPU.ActiveCfg = Debug|Any CPU
		{48431216-65F5-A834-C446-57732075105D}.Debug|Any CPU.Build.0 = Debug|Any CPU
		{48431216-65F5-A834-C446-57732075105D}.Release|Any CPU.ActiveCfg = Release|Any CPU
		{48431216-65F5-A834-C446-57732075105D}.Release|Any CPU.Build.0 = Release|Any CPU
		{22CB954E-977E-FA40-663E-8EE53C0E5FD6}.Debug|Any CPU.ActiveCfg = Debug|Any CPU
		{22CB954E-977E-FA40-663E-8EE53C0E5FD6}.Debug|Any CPU.Build.0 = Debug|Any CPU
		{22CB954E-977E-FA40-663E-8EE53C0E5FD6}.Release|Any CPU.ActiveCfg = Release|Any CPU
		{22CB954E-977E-FA40-663E-8EE53C0E5FD6}.Release|Any CPU.Build.0 = Release|Any CPU
		{15D79E79-D7D0-73A7-9AC0-4E50E34E84E9}.Debug|Any CPU.ActiveCfg = Debug|Any CPU
		{15D79E79-D7D0-73A7-9AC0-4E50E34E84E9}.Debug|Any CPU.Build.0 = Debug|Any CPU
		{15D79E79-D7D0-73A7-9AC0-4E50E34E84E9}.Release|Any CPU.ActiveCfg = Release|Any CPU
		{15D79E79-D7D0-73A7-9AC0-4E50E34E84E9}.Release|Any CPU.Build.0 = Release|Any CPU
		{2FBDFF7F-B1B8-2E11-85DC-6E4DFBFE2A80}.Debug|Any CPU.ActiveCfg = Debug|Any CPU
		{2FBDFF7F-B1B8-2E11-85DC-6E4DFBFE2A80}.Debug|Any CPU.Build.0 = Debug|Any CPU
		{2FBDFF7F-B1B8-2E11-85DC-6E4DFBFE2A80}.Release|Any CPU.ActiveCfg = Release|Any CPU
		{2FBDFF7F-B1B8-2E11-85DC-6E4DFBFE2A80}.Release|Any CPU.Build.0 = Release|Any CPU
		{23BE5B76-9564-C4B1-5173-D188D7AE9BE0}.Debug|Any CPU.ActiveCfg = Debug|Any CPU
		{23BE5B76-9564-C4B1-5173-D188D7AE9BE0}.Debug|Any CPU.Build.0 = Debug|Any CPU
		{23BE5B76-9564-C4B1-5173-D188D7AE9BE0}.Release|Any CPU.ActiveCfg = Release|Any CPU
		{23BE5B76-9564-C4B1-5173-D188D7AE9BE0}.Release|Any CPU.Build.0 = Release|Any CPU
	EndGlobalSection
	GlobalSection(SolutionProperties) = preSolution
		HideSolutionNode = FALSE
	EndGlobalSection
	GlobalSection(ExtensibilityGlobals) = postSolution
		SolutionGuid = {20E5991E-CFEA-497A-9331-AF8A643094FA}
	EndGlobalSection
EndGlobal
